
Microsoft Visual Studio Solution File, Format Version 12.00
# Visual Studio Version 17
VisualStudioVersion = 17.7.34202.233
MinimumVisualStudioVersion = 10.0.40219.1
Project("{FAE04EC0-301F-11D3-BF4B-00C04F79EFBC}") = "01-FlatWorld", "01-FlatWorld.csproj", "{F8A5CC20-B081-48C3-AB6F-BE128B41F219}"
EndProject
Global
	GlobalSection(SolutionConfigurationPlatforms) = preSolution
		Debug|Any CPU = Debug|Any CPU
		Release|Any CPU = Release|Any CPU
	EndGlobalSection
	GlobalSection(ProjectConfigurationPlatforms) = postSolution
		{F8A5CC20-B081-48C3-AB6F-BE128B41F219}.Debug|Any CPU.ActiveCfg = Debug|Any CPU
		{F8A5CC20-B081-48C3-AB6F-BE128B41F219}.Debug|Any CPU.Build.0 = Debug|Any CPU
		{F8A5CC20-B081-48C3-AB6F-BE128B41F219}.Release|Any CPU.ActiveCfg = Release|Any CPU
		{F8A5CC20-B081-48C3-AB6F-BE128B41F219}.Release|Any CPU.Build.0 = Release|Any CPU
	EndGlobalSection
	GlobalSection(SolutionProperties) = preSolution
		HideSolutionNode = FALSE
	EndGlobalSection
	GlobalSection(ExtensibilityGlobals) = postSolution
		SolutionGuid = {C6B5C91E-032B-431B-B104-3315A8D9A3D4}
	EndGlobalSection
EndGlobal
